
Microsoft Visual Studio Solution File, Format Version 12.00
# Visual Studio Version 17
VisualStudioVersion = 17.8.34322.80
MinimumVisualStudioVersion = 10.0.40219.1
Project("{FAE04EC0-301F-11D3-BF4B-00C04F79EFBC}") = "CameraAnalyzer", "CameraAnalyzer.csproj", "{842BD90B-A1DE-4CB2-A7E7-78611170C419}"
EndProject
Global
	GlobalSection(SolutionConfigurationPlatforms) = preSolution
		Debug|Any CPU = Debug|Any CPU
		Release|Any CPU = Release|Any CPU
	EndGlobalSection
	GlobalSection(ProjectConfigurationPlatforms) = postSolution
		{842BD90B-A1DE-4CB2-A7E7-78611170C419}.Debug|Any CPU.ActiveCfg = Debug|Any CPU
		{842BD90B-A1DE-4CB2-A7E7-78611170C419}.Debug|Any CPU.Build.0 = Debug|Any CPU
		{842BD90B-A1DE-4CB2-A7E7-78611170C419}.Release|Any CPU.ActiveCfg = Release|Any CPU
		{842BD90B-A1DE-4CB2-A7E7-78611170C419}.Release|Any CPU.Build.0 = Release|Any CPU
	EndGlobalSection
	GlobalSection(SolutionProperties) = preSolution
		HideSolutionNode = FALSE
	EndGlobalSection
	GlobalSection(ExtensibilityGlobals) = postSolution
		SolutionGuid = {7C21D081-F6B8-41EB-944D-256FBF4AB4DA}
	EndGlobalSection
EndGlobal
